// !$*UTF8*$!
{
	archiveVersion = 1;
	classes = {
	};
	objectVersion = 46;
	objects = {

/* Begin PBXBuildFile section */
		038AB5CC1A8854830040DE2D /* Camera_icon_show.png in Resources */ = {isa = PBXBuildFile; fileRef = 038AB5CB1A8854830040DE2D /* Camera_icon_show.png */; };
		038AB5CF1A8858E50040DE2D /* BsBurger.png in Resources */ = {isa = PBXBuildFile; fileRef = 038AB5CE1A8858E50040DE2D /* BsBurger.png */; };
		03AEA7471A86EA3E0014DAFB /* logo.png in Resources */ = {isa = PBXBuildFile; fileRef = 03AEA7461A86EA3E0014DAFB /* logo.png */; };
		03AEA74A1A86EA850014DAFB /* icon@2x.png in Resources */ = {isa = PBXBuildFile; fileRef = 03AEA7481A86EA850014DAFB /* icon@2x.png */; };
		03AEA74B1A86EA850014DAFB /* icon@3x.png in Resources */ = {isa = PBXBuildFile; fileRef = 03AEA7491A86EA850014DAFB /* icon@3x.png */; };
		03D6EDB11A88145400F213D9 /* BBep1_4.jpg in Resources */ = {isa = PBXBuildFile; fileRef = 03D6ED8C1A88145400F213D9 /* BBep1_4.jpg */; };
		03D6EDB21A88145400F213D9 /* BBep3_5.png in Resources */ = {isa = PBXBuildFile; fileRef = 03D6ED8D1A88145400F213D9 /* BBep3_5.png */; };
		03D6EDB31A88145400F213D9 /* BBep4_3.jpg in Resources */ = {isa = PBXBuildFile; fileRef = 03D6ED8E1A88145400F213D9 /* BBep4_3.jpg */; };
		03D6EDB41A88145400F213D9 /* BreakingBob.jpg in Resources */ = {isa = PBXBuildFile; fileRef = 03D6ED901A88145400F213D9 /* BreakingBob.jpg */; };
		03D6EDB51A88145400F213D9 /* Butts.jpg in Resources */ = {isa = PBXBuildFile; fileRef = 03D6ED911A88145400F213D9 /* Butts.jpg */; };
		03D6EDB61A88145400F213D9 /* Haters.gif in Resources */ = {isa = PBXBuildFile; fileRef = 03D6ED921A88145400F213D9 /* Haters.gif */; };
		03D6EDB71A88145400F213D9 /* BBurger.jpg in Resources */ = {isa = PBXBuildFile; fileRef = 03D6ED941A88145400F213D9 /* BBurger.jpg */; };
		03D6EDB91A88145400F213D9 /* GTBanner.jpg in Resources */ = {isa = PBXBuildFile; fileRef = 03D6ED981A88145400F213D9 /* GTBanner.jpg */; };
		03D6EDBA1A88145400F213D9 /* GTep1_1.png in Resources */ = {isa = PBXBuildFile; fileRef = 03D6ED9A1A88145400F213D9 /* GTep1_1.png */; };
		03D6EDBB1A88145400F213D9 /* GTep3_9.jpg in Resources */ = {isa = PBXBuildFile; fileRef = 03D6ED9B1A88145400F213D9 /* GTep3_9.jpg */; };
		03D6EDBC1A88145400F213D9 /* GTep4_3.jpg in Resources */ = {isa = PBXBuildFile; fileRef = 03D6ED9C1A88145400F213D9 /* GTep4_3.jpg */; };
		03D6EDBD1A88145400F213D9 /* Drogon.jpg in Resources */ = {isa = PBXBuildFile; fileRef = 03D6ED9E1A88145400F213D9 /* Drogon.jpg */; };
		03D6EDBE1A88145400F213D9 /* Impin.jpg in Resources */ = {isa = PBXBuildFile; fileRef = 03D6ED9F1A88145400F213D9 /* Impin.jpg */; };
		03D6EDBF1A88145400F213D9 /* LiveDangerous.jpg in Resources */ = {isa = PBXBuildFile; fileRef = 03D6EDA01A88145400F213D9 /* LiveDangerous.jpg */; };
		03D6EDC01A88145400F213D9 /* GoT.jpeg in Resources */ = {isa = PBXBuildFile; fileRef = 03D6EDA21A88145400F213D9 /* GoT.jpeg */; };
		03D6EDC11A88145400F213D9 /* himym-banner.jpg in Resources */ = {isa = PBXBuildFile; fileRef = 03D6EDA51A88145400F213D9 /* himym-banner.jpg */; };
		03D6EDC21A88145400F213D9 /* himymep2_20.jpg in Resources */ = {isa = PBXBuildFile; fileRef = 03D6EDA71A88145400F213D9 /* himymep2_20.jpg */; };
		03D6EDC31A88145400F213D9 /* himymep8_17.jpg in Resources */ = {isa = PBXBuildFile; fileRef = 03D6EDA81A88145400F213D9 /* himymep8_17.jpg */; };
		03D6EDC41A88145400F213D9 /* himymep8_7.jpg in Resources */ = {isa = PBXBuildFile; fileRef = 03D6EDA91A88145400F213D9 /* himymep8_7.jpg */; };
		03D6EDC51A88145400F213D9 /* himym2.jpg in Resources */ = {isa = PBXBuildFile; fileRef = 03D6EDAB1A88145400F213D9 /* himym2.jpg */; };
		03D6EDC61A88145400F213D9 /* himym3.jpg in Resources */ = {isa = PBXBuildFile; fileRef = 03D6EDAC1A88145400F213D9 /* himym3.jpg */; };
		03D6EDC71A88145400F213D9 /* himym4.jpg in Resources */ = {isa = PBXBuildFile; fileRef = 03D6EDAD1A88145400F213D9 /* himym4.jpg */; };
		03D6EDC81A88145400F213D9 /* himym.jpg in Resources */ = {isa = PBXBuildFile; fileRef = 03D6EDAF1A88145400F213D9 /* himym.jpg */; };
		03D6EDCE1A88204C00F213D9 /* BBMerch2.jpg in Resources */ = {isa = PBXBuildFile; fileRef = 03D6EDCB1A88204C00F213D9 /* BBMerch2.jpg */; };
		03D6EDCF1A88204C00F213D9 /* BBMerch3.jpg in Resources */ = {isa = PBXBuildFile; fileRef = 03D6EDCC1A88204C00F213D9 /* BBMerch3.jpg */; };
		03D6EDD41A88206500F213D9 /* GTMerch1.jpg in Resources */ = {isa = PBXBuildFile; fileRef = 03D6EDD11A88206500F213D9 /* GTMerch1.jpg */; };
		03D6EDD51A88206500F213D9 /* GTMerch2.jpg in Resources */ = {isa = PBXBuildFile; fileRef = 03D6EDD21A88206500F213D9 /* GTMerch2.jpg */; };
		03D6EDD61A88206500F213D9 /* GTMerch3.jpg in Resources */ = {isa = PBXBuildFile; fileRef = 03D6EDD31A88206500F213D9 /* GTMerch3.jpg */; };
		03D6EDDB1A88208700F213D9 /* HMerch1.jpg in Resources */ = {isa = PBXBuildFile; fileRef = 03D6EDD81A88208700F213D9 /* HMerch1.jpg */; };
		03D6EDDC1A88208700F213D9 /* HMerch2.jpg in Resources */ = {isa = PBXBuildFile; fileRef = 03D6EDD91A88208700F213D9 /* HMerch2.jpg */; };
		03D6EDDD1A88208700F213D9 /* HMerch3.jpg in Resources */ = {isa = PBXBuildFile; fileRef = 03D6EDDA1A88208700F213D9 /* HMerch3.jpg */; };
		03D6EDDF1A8821CE00F213D9 /* BBMerch1.png in Resources */ = {isa = PBXBuildFile; fileRef = 03D6EDDE1A8821CE00F213D9 /* BBMerch1.png */; };
		03D6EDE31A884CAA00F213D9 /* Icon_Thumb.png in Resources */ = {isa = PBXBuildFile; fileRef = 03D6EDE21A884CAA00F213D9 /* Icon_Thumb.png */; };
		03D6EDE71A884E0000F213D9 /* Camera_icon.png in Resources */ = {isa = PBXBuildFile; fileRef = 03D6EDE61A884E0000F213D9 /* Camera_icon.png */; };
		6103E8021A87596A00D663B4 /* RegisterViewController.swift in Sources */ = {isa = PBXBuildFile; fileRef = 6103E8011A87596A00D663B4 /* RegisterViewController.swift */; };
		613326001A86C70E00F292E0 /* HomeTabViewController.swift in Sources */ = {isa = PBXBuildFile; fileRef = 613325FF1A86C70E00F292E0 /* HomeTabViewController.swift */; };
		613326021A86C71900F292E0 /* SearchTabViewController.swift in Sources */ = {isa = PBXBuildFile; fileRef = 613326011A86C71900F292E0 /* SearchTabViewController.swift */; };
		613326041A86C72400F292E0 /* FeedTabViewController.swift in Sources */ = {isa = PBXBuildFile; fileRef = 613326031A86C72400F292E0 /* FeedTabViewController.swift */; };
		617B6A5F1A86E5D8003D5718 /* LoginViewController.swift in Sources */ = {isa = PBXBuildFile; fileRef = 617B6A5E1A86E5D8003D5718 /* LoginViewController.swift */; };
		61A2B6E11A85CDD900850234 /* User.swift in Sources */ = {isa = PBXBuildFile; fileRef = 61A2B6E01A85CDD900850234 /* User.swift */; };
		61A2B6E31A85CDF600850234 /* UsersManager.swift in Sources */ = {isa = PBXBuildFile; fileRef = 61A2B6E21A85CDF600850234 /* UsersManager.swift */; };
		61A2B6E51A85CE2500850234 /* Show.swift in Sources */ = {isa = PBXBuildFile; fileRef = 61A2B6E41A85CE2500850234 /* Show.swift */; };
		61A2B6E71A85CE3500850234 /* ShowsManager.swift in Sources */ = {isa = PBXBuildFile; fileRef = 61A2B6E61A85CE3500850234 /* ShowsManager.swift */; };
		61A2B6E91A85CE4A00850234 /* Episode.swift in Sources */ = {isa = PBXBuildFile; fileRef = 61A2B6E81A85CE4A00850234 /* Episode.swift */; };
		61A2B6EB1A85CE5B00850234 /* EpisodesManager.swift in Sources */ = {isa = PBXBuildFile; fileRef = 61A2B6EA1A85CE5B00850234 /* EpisodesManager.swift */; };
		61A2B6ED1A85CE7000850234 /* Challenge.swift in Sources */ = {isa = PBXBuildFile; fileRef = 61A2B6EC1A85CE7000850234 /* Challenge.swift */; };
		61A2B6EF1A85CE8200850234 /* ChallengesManager.swift in Sources */ = {isa = PBXBuildFile; fileRef = 61A2B6EE1A85CE8200850234 /* ChallengesManager.swift */; };
		61A2B6F11A85CE9F00850234 /* Comment.swift in Sources */ = {isa = PBXBuildFile; fileRef = 61A2B6F01A85CE9F00850234 /* Comment.swift */; };
		61A2B6F31A85CEAC00850234 /* CommentsManager.swift in Sources */ = {isa = PBXBuildFile; fileRef = 61A2B6F21A85CEAC00850234 /* CommentsManager.swift */; };
		61A2B6F51A85CECA00850234 /* Merchandise.swift in Sources */ = {isa = PBXBuildFile; fileRef = 61A2B6F41A85CECA00850234 /* Merchandise.swift */; };
		61A2B6F71A85CEE300850234 /* MerchandiseManager.swift in Sources */ = {isa = PBXBuildFile; fileRef = 61A2B6F61A85CEE300850234 /* MerchandiseManager.swift */; };
		61A2B6F91A85CF0100850234 /* Photo.swift in Sources */ = {isa = PBXBuildFile; fileRef = 61A2B6F81A85CF0100850234 /* Photo.swift */; };
		61A2B6FB1A85CF0F00850234 /* PhotosManager.swift in Sources */ = {isa = PBXBuildFile; fileRef = 61A2B6FA1A85CF0F00850234 /* PhotosManager.swift */; };
		61A2B6FE1A85E91200850234 /* Globals.swift in Sources */ = {isa = PBXBuildFile; fileRef = 61A2B6FD1A85E91200850234 /* Globals.swift */; };
		61A2B7001A85EAB600850234 /* Constants.swift in Sources */ = {isa = PBXBuildFile; fileRef = 61A2B6FF1A85EAB600850234 /* Constants.swift */; };
		61A6DB3D1A85B40800624BB4 /* AppDelegate.swift in Sources */ = {isa = PBXBuildFile; fileRef = 61A6DB3C1A85B40800624BB4 /* AppDelegate.swift */; };
		61A6DB461A85B40800624BB4 /* Main.storyboard in Resources */ = {isa = PBXBuildFile; fileRef = 61A6DB441A85B40800624BB4 /* Main.storyboard */; };
		61A6DB481A85B40800624BB4 /* Images.xcassets in Resources */ = {isa = PBXBuildFile; fileRef = 61A6DB471A85B40800624BB4 /* Images.xcassets */; };
		61A6DB4B1A85B40800624BB4 /* LaunchScreen.xib in Resources */ = {isa = PBXBuildFile; fileRef = 61A6DB491A85B40800624BB4 /* LaunchScreen.xib */; };
		61A6DB571A85B40800624BB4 /* iOSAppChallenge2015Tests.swift in Sources */ = {isa = PBXBuildFile; fileRef = 61A6DB561A85B40800624BB4 /* iOSAppChallenge2015Tests.swift */; };
		61ABE6991A87DAE40006E401 /* HorizontalScrollView.swift in Sources */ = {isa = PBXBuildFile; fileRef = 61ABE6981A87DAE40006E401 /* HorizontalScrollView.swift */; };
		61ABE69C1A87DC470006E401 /* ClickableShowTileImageView.swift in Sources */ = {isa = PBXBuildFile; fileRef = 61ABE69B1A87DC470006E401 /* ClickableShowTileImageView.swift */; };
		61ABE69E1A87F95C0006E401 /* ShowViewController.swift in Sources */ = {isa = PBXBuildFile; fileRef = 61ABE69D1A87F95C0006E401 /* ShowViewController.swift */; };
		61C955E41A86DC6C00BBC75C /* Please write me a song.ttf in Resources */ = {isa = PBXBuildFile; fileRef = 61C955E31A86DBF900BBC75C /* Please write me a song.ttf */; };
<<<<<<< HEAD
		61F8CF111A86FC9C00B41A4D /* MainTabViewController.swift in Sources */ = {isa = PBXBuildFile; fileRef = 61F8CF101A86FC9C00B41A4D /* MainTabViewController.swift */; };
=======
		C6DC48391A876894003EAD2C /* VideoGameViewController.swift in Sources */ = {isa = PBXBuildFile; fileRef = C6DC48381A876894003EAD2C /* VideoGameViewController.swift */; };
		C6DC483B1A8779CC003EAD2C /* MultipleChoiceGameViewController.swift in Sources */ = {isa = PBXBuildFile; fileRef = C6DC483A1A8779CC003EAD2C /* MultipleChoiceGameViewController.swift */; };
		C6DC483D1A8783E9003EAD2C /* bob.jpg in Resources */ = {isa = PBXBuildFile; fileRef = C6DC483C1A8783E9003EAD2C /* bob.jpg */; };
		C6DC483F1A878949003EAD2C /* PictureGameViewController.swift in Sources */ = {isa = PBXBuildFile; fileRef = C6DC483E1A878949003EAD2C /* PictureGameViewController.swift */; };
		C6DC48411A879148003EAD2C /* VideoTextGame.swift in Sources */ = {isa = PBXBuildFile; fileRef = C6DC48401A879148003EAD2C /* VideoTextGame.swift */; };
		C6DC48431A879157003EAD2C /* PictureTextGame.swift in Sources */ = {isa = PBXBuildFile; fileRef = C6DC48421A879157003EAD2C /* PictureTextGame.swift */; };
		C6DC48451A879167003EAD2C /* MultipleChoiceGame.swift in Sources */ = {isa = PBXBuildFile; fileRef = C6DC48441A879167003EAD2C /* MultipleChoiceGame.swift */; };
		C6DC48471A879179003EAD2C /* GameManager.swift in Sources */ = {isa = PBXBuildFile; fileRef = C6DC48461A879179003EAD2C /* GameManager.swift */; };
>>>>>>> TestBranch
/* End PBXBuildFile section */

/* Begin PBXContainerItemProxy section */
		61A6DB511A85B40800624BB4 /* PBXContainerItemProxy */ = {
			isa = PBXContainerItemProxy;
			containerPortal = 61A6DB2F1A85B40800624BB4 /* Project object */;
			proxyType = 1;
			remoteGlobalIDString = 61A6DB361A85B40800624BB4;
			remoteInfo = iOSAppChallenge2015;
		};
/* End PBXContainerItemProxy section */

/* Begin PBXFileReference section */
		038AB5CB1A8854830040DE2D /* Camera_icon_show.png */ = {isa = PBXFileReference; lastKnownFileType = image.png; path = Camera_icon_show.png; sourceTree = "<group>"; };
		038AB5CD1A8855E50040DE2D /* MonoSpatial.ttf */ = {isa = PBXFileReference; lastKnownFileType = file; path = MonoSpatial.ttf; sourceTree = "<group>"; };
		038AB5CE1A8858E50040DE2D /* BsBurger.png */ = {isa = PBXFileReference; lastKnownFileType = image.png; path = BsBurger.png; sourceTree = "<group>"; };
		03AEA7461A86EA3E0014DAFB /* logo.png */ = {isa = PBXFileReference; lastKnownFileType = image.png; path = logo.png; sourceTree = "<group>"; };
		03AEA7481A86EA850014DAFB /* icon@2x.png */ = {isa = PBXFileReference; lastKnownFileType = image.png; path = "icon@2x.png"; sourceTree = "<group>"; };
		03AEA7491A86EA850014DAFB /* icon@3x.png */ = {isa = PBXFileReference; lastKnownFileType = image.png; path = "icon@3x.png"; sourceTree = "<group>"; };
		03D6ED8C1A88145400F213D9 /* BBep1_4.jpg */ = {isa = PBXFileReference; lastKnownFileType = image.jpeg; path = BBep1_4.jpg; sourceTree = "<group>"; };
		03D6ED8D1A88145400F213D9 /* BBep3_5.png */ = {isa = PBXFileReference; lastKnownFileType = image.png; path = BBep3_5.png; sourceTree = "<group>"; };
		03D6ED8E1A88145400F213D9 /* BBep4_3.jpg */ = {isa = PBXFileReference; lastKnownFileType = image.jpeg; path = BBep4_3.jpg; sourceTree = "<group>"; };
		03D6ED901A88145400F213D9 /* BreakingBob.jpg */ = {isa = PBXFileReference; lastKnownFileType = image.jpeg; path = BreakingBob.jpg; sourceTree = "<group>"; };
		03D6ED911A88145400F213D9 /* Butts.jpg */ = {isa = PBXFileReference; lastKnownFileType = image.jpeg; path = Butts.jpg; sourceTree = "<group>"; };
		03D6ED921A88145400F213D9 /* Haters.gif */ = {isa = PBXFileReference; lastKnownFileType = image.gif; path = Haters.gif; sourceTree = "<group>"; };
		03D6ED941A88145400F213D9 /* BBurger.jpg */ = {isa = PBXFileReference; lastKnownFileType = image.jpeg; path = BBurger.jpg; sourceTree = "<group>"; };
		03D6ED981A88145400F213D9 /* GTBanner.jpg */ = {isa = PBXFileReference; lastKnownFileType = image.jpeg; path = GTBanner.jpg; sourceTree = "<group>"; };
		03D6ED9A1A88145400F213D9 /* GTep1_1.png */ = {isa = PBXFileReference; lastKnownFileType = image.png; path = GTep1_1.png; sourceTree = "<group>"; };
		03D6ED9B1A88145400F213D9 /* GTep3_9.jpg */ = {isa = PBXFileReference; lastKnownFileType = image.jpeg; path = GTep3_9.jpg; sourceTree = "<group>"; };
		03D6ED9C1A88145400F213D9 /* GTep4_3.jpg */ = {isa = PBXFileReference; lastKnownFileType = image.jpeg; path = GTep4_3.jpg; sourceTree = "<group>"; };
		03D6ED9E1A88145400F213D9 /* Drogon.jpg */ = {isa = PBXFileReference; lastKnownFileType = image.jpeg; path = Drogon.jpg; sourceTree = "<group>"; };
		03D6ED9F1A88145400F213D9 /* Impin.jpg */ = {isa = PBXFileReference; lastKnownFileType = image.jpeg; path = Impin.jpg; sourceTree = "<group>"; };
		03D6EDA01A88145400F213D9 /* LiveDangerous.jpg */ = {isa = PBXFileReference; lastKnownFileType = image.jpeg; path = LiveDangerous.jpg; sourceTree = "<group>"; };
		03D6EDA21A88145400F213D9 /* GoT.jpeg */ = {isa = PBXFileReference; lastKnownFileType = image.jpeg; path = GoT.jpeg; sourceTree = "<group>"; };
		03D6EDA51A88145400F213D9 /* himym-banner.jpg */ = {isa = PBXFileReference; lastKnownFileType = image.jpeg; path = "himym-banner.jpg"; sourceTree = "<group>"; };
		03D6EDA71A88145400F213D9 /* himymep2_20.jpg */ = {isa = PBXFileReference; lastKnownFileType = image.jpeg; path = himymep2_20.jpg; sourceTree = "<group>"; };
		03D6EDA81A88145400F213D9 /* himymep8_17.jpg */ = {isa = PBXFileReference; lastKnownFileType = image.jpeg; path = himymep8_17.jpg; sourceTree = "<group>"; };
		03D6EDA91A88145400F213D9 /* himymep8_7.jpg */ = {isa = PBXFileReference; lastKnownFileType = image.jpeg; path = himymep8_7.jpg; sourceTree = "<group>"; };
		03D6EDAB1A88145400F213D9 /* himym2.jpg */ = {isa = PBXFileReference; lastKnownFileType = image.jpeg; path = himym2.jpg; sourceTree = "<group>"; };
		03D6EDAC1A88145400F213D9 /* himym3.jpg */ = {isa = PBXFileReference; lastKnownFileType = image.jpeg; path = himym3.jpg; sourceTree = "<group>"; };
		03D6EDAD1A88145400F213D9 /* himym4.jpg */ = {isa = PBXFileReference; lastKnownFileType = image.jpeg; path = himym4.jpg; sourceTree = "<group>"; };
		03D6EDAF1A88145400F213D9 /* himym.jpg */ = {isa = PBXFileReference; lastKnownFileType = image.jpeg; path = himym.jpg; sourceTree = "<group>"; };
		03D6EDCB1A88204C00F213D9 /* BBMerch2.jpg */ = {isa = PBXFileReference; lastKnownFileType = image.jpeg; path = BBMerch2.jpg; sourceTree = "<group>"; };
		03D6EDCC1A88204C00F213D9 /* BBMerch3.jpg */ = {isa = PBXFileReference; lastKnownFileType = image.jpeg; path = BBMerch3.jpg; sourceTree = "<group>"; };
		03D6EDD11A88206500F213D9 /* GTMerch1.jpg */ = {isa = PBXFileReference; lastKnownFileType = image.jpeg; path = GTMerch1.jpg; sourceTree = "<group>"; };
		03D6EDD21A88206500F213D9 /* GTMerch2.jpg */ = {isa = PBXFileReference; lastKnownFileType = image.jpeg; path = GTMerch2.jpg; sourceTree = "<group>"; };
		03D6EDD31A88206500F213D9 /* GTMerch3.jpg */ = {isa = PBXFileReference; lastKnownFileType = image.jpeg; path = GTMerch3.jpg; sourceTree = "<group>"; };
		03D6EDD81A88208700F213D9 /* HMerch1.jpg */ = {isa = PBXFileReference; lastKnownFileType = image.jpeg; path = HMerch1.jpg; sourceTree = "<group>"; };
		03D6EDD91A88208700F213D9 /* HMerch2.jpg */ = {isa = PBXFileReference; lastKnownFileType = image.jpeg; path = HMerch2.jpg; sourceTree = "<group>"; };
		03D6EDDA1A88208700F213D9 /* HMerch3.jpg */ = {isa = PBXFileReference; lastKnownFileType = image.jpeg; path = HMerch3.jpg; sourceTree = "<group>"; };
		03D6EDDE1A8821CE00F213D9 /* BBMerch1.png */ = {isa = PBXFileReference; lastKnownFileType = image.png; path = BBMerch1.png; sourceTree = "<group>"; };
		03D6EDE21A884CAA00F213D9 /* Icon_Thumb.png */ = {isa = PBXFileReference; lastKnownFileType = image.png; path = Icon_Thumb.png; sourceTree = "<group>"; };
		03D6EDE61A884E0000F213D9 /* Camera_icon.png */ = {isa = PBXFileReference; lastKnownFileType = image.png; path = Camera_icon.png; sourceTree = "<group>"; };
		6103E8011A87596A00D663B4 /* RegisterViewController.swift */ = {isa = PBXFileReference; fileEncoding = 4; lastKnownFileType = sourcecode.swift; path = RegisterViewController.swift; sourceTree = "<group>"; };
		613325FF1A86C70E00F292E0 /* HomeTabViewController.swift */ = {isa = PBXFileReference; fileEncoding = 4; lastKnownFileType = sourcecode.swift; path = HomeTabViewController.swift; sourceTree = "<group>"; };
		613326011A86C71900F292E0 /* SearchTabViewController.swift */ = {isa = PBXFileReference; fileEncoding = 4; lastKnownFileType = sourcecode.swift; path = SearchTabViewController.swift; sourceTree = "<group>"; };
		613326031A86C72400F292E0 /* FeedTabViewController.swift */ = {isa = PBXFileReference; fileEncoding = 4; lastKnownFileType = sourcecode.swift; path = FeedTabViewController.swift; sourceTree = "<group>"; };
		617B6A5E1A86E5D8003D5718 /* LoginViewController.swift */ = {isa = PBXFileReference; fileEncoding = 4; lastKnownFileType = sourcecode.swift; path = LoginViewController.swift; sourceTree = "<group>"; };
		61A2B6E01A85CDD900850234 /* User.swift */ = {isa = PBXFileReference; fileEncoding = 4; lastKnownFileType = sourcecode.swift; path = User.swift; sourceTree = "<group>"; };
		61A2B6E21A85CDF600850234 /* UsersManager.swift */ = {isa = PBXFileReference; fileEncoding = 4; lastKnownFileType = sourcecode.swift; path = UsersManager.swift; sourceTree = "<group>"; };
		61A2B6E41A85CE2500850234 /* Show.swift */ = {isa = PBXFileReference; fileEncoding = 4; lastKnownFileType = sourcecode.swift; path = Show.swift; sourceTree = "<group>"; };
		61A2B6E61A85CE3500850234 /* ShowsManager.swift */ = {isa = PBXFileReference; fileEncoding = 4; lastKnownFileType = sourcecode.swift; path = ShowsManager.swift; sourceTree = "<group>"; };
		61A2B6E81A85CE4A00850234 /* Episode.swift */ = {isa = PBXFileReference; fileEncoding = 4; lastKnownFileType = sourcecode.swift; path = Episode.swift; sourceTree = "<group>"; };
		61A2B6EA1A85CE5B00850234 /* EpisodesManager.swift */ = {isa = PBXFileReference; fileEncoding = 4; lastKnownFileType = sourcecode.swift; path = EpisodesManager.swift; sourceTree = "<group>"; };
		61A2B6EC1A85CE7000850234 /* Challenge.swift */ = {isa = PBXFileReference; fileEncoding = 4; lastKnownFileType = sourcecode.swift; path = Challenge.swift; sourceTree = "<group>"; };
		61A2B6EE1A85CE8200850234 /* ChallengesManager.swift */ = {isa = PBXFileReference; fileEncoding = 4; lastKnownFileType = sourcecode.swift; path = ChallengesManager.swift; sourceTree = "<group>"; };
		61A2B6F01A85CE9F00850234 /* Comment.swift */ = {isa = PBXFileReference; fileEncoding = 4; lastKnownFileType = sourcecode.swift; path = Comment.swift; sourceTree = "<group>"; };
		61A2B6F21A85CEAC00850234 /* CommentsManager.swift */ = {isa = PBXFileReference; fileEncoding = 4; lastKnownFileType = sourcecode.swift; path = CommentsManager.swift; sourceTree = "<group>"; };
		61A2B6F41A85CECA00850234 /* Merchandise.swift */ = {isa = PBXFileReference; fileEncoding = 4; lastKnownFileType = sourcecode.swift; path = Merchandise.swift; sourceTree = "<group>"; };
		61A2B6F61A85CEE300850234 /* MerchandiseManager.swift */ = {isa = PBXFileReference; fileEncoding = 4; lastKnownFileType = sourcecode.swift; path = MerchandiseManager.swift; sourceTree = "<group>"; };
		61A2B6F81A85CF0100850234 /* Photo.swift */ = {isa = PBXFileReference; fileEncoding = 4; lastKnownFileType = sourcecode.swift; path = Photo.swift; sourceTree = "<group>"; };
		61A2B6FA1A85CF0F00850234 /* PhotosManager.swift */ = {isa = PBXFileReference; fileEncoding = 4; lastKnownFileType = sourcecode.swift; path = PhotosManager.swift; sourceTree = "<group>"; };
		61A2B6FD1A85E91200850234 /* Globals.swift */ = {isa = PBXFileReference; fileEncoding = 4; lastKnownFileType = sourcecode.swift; path = Globals.swift; sourceTree = "<group>"; };
		61A2B6FF1A85EAB600850234 /* Constants.swift */ = {isa = PBXFileReference; fileEncoding = 4; lastKnownFileType = sourcecode.swift; path = Constants.swift; sourceTree = "<group>"; };
		61A6DB371A85B40800624BB4 /* iOSAppChallenge2015.app */ = {isa = PBXFileReference; explicitFileType = wrapper.application; includeInIndex = 0; path = iOSAppChallenge2015.app; sourceTree = BUILT_PRODUCTS_DIR; };
		61A6DB3B1A85B40800624BB4 /* Info.plist */ = {isa = PBXFileReference; lastKnownFileType = text.plist.xml; path = Info.plist; sourceTree = "<group>"; };
		61A6DB3C1A85B40800624BB4 /* AppDelegate.swift */ = {isa = PBXFileReference; lastKnownFileType = sourcecode.swift; path = AppDelegate.swift; sourceTree = "<group>"; };
		61A6DB451A85B40800624BB4 /* Base */ = {isa = PBXFileReference; lastKnownFileType = file.storyboard; name = Base; path = Base.lproj/Main.storyboard; sourceTree = "<group>"; };
		61A6DB471A85B40800624BB4 /* Images.xcassets */ = {isa = PBXFileReference; lastKnownFileType = folder.assetcatalog; path = Images.xcassets; sourceTree = "<group>"; };
		61A6DB4A1A85B40800624BB4 /* Base */ = {isa = PBXFileReference; lastKnownFileType = file.xib; name = Base; path = Base.lproj/LaunchScreen.xib; sourceTree = "<group>"; };
		61A6DB501A85B40800624BB4 /* iOSAppChallenge2015Tests.xctest */ = {isa = PBXFileReference; explicitFileType = wrapper.cfbundle; includeInIndex = 0; path = iOSAppChallenge2015Tests.xctest; sourceTree = BUILT_PRODUCTS_DIR; };
		61A6DB551A85B40800624BB4 /* Info.plist */ = {isa = PBXFileReference; lastKnownFileType = text.plist.xml; path = Info.plist; sourceTree = "<group>"; };
		61A6DB561A85B40800624BB4 /* iOSAppChallenge2015Tests.swift */ = {isa = PBXFileReference; lastKnownFileType = sourcecode.swift; path = iOSAppChallenge2015Tests.swift; sourceTree = "<group>"; };
		61ABE6981A87DAE40006E401 /* HorizontalScrollView.swift */ = {isa = PBXFileReference; fileEncoding = 4; lastKnownFileType = sourcecode.swift; path = HorizontalScrollView.swift; sourceTree = "<group>"; };
		61ABE69B1A87DC470006E401 /* ClickableShowTileImageView.swift */ = {isa = PBXFileReference; fileEncoding = 4; lastKnownFileType = sourcecode.swift; path = ClickableShowTileImageView.swift; sourceTree = "<group>"; };
		61ABE69D1A87F95C0006E401 /* ShowViewController.swift */ = {isa = PBXFileReference; fileEncoding = 4; lastKnownFileType = sourcecode.swift; path = ShowViewController.swift; sourceTree = "<group>"; };
		61C955E31A86DBF900BBC75C /* Please write me a song.ttf */ = {isa = PBXFileReference; lastKnownFileType = file; path = "Please write me a song.ttf"; sourceTree = "<group>"; };
<<<<<<< HEAD
		61F8CF101A86FC9C00B41A4D /* MainTabViewController.swift */ = {isa = PBXFileReference; fileEncoding = 4; lastKnownFileType = sourcecode.swift; path = MainTabViewController.swift; sourceTree = "<group>"; };
=======
		C6DC48381A876894003EAD2C /* VideoGameViewController.swift */ = {isa = PBXFileReference; fileEncoding = 4; lastKnownFileType = sourcecode.swift; path = VideoGameViewController.swift; sourceTree = "<group>"; };
		C6DC483A1A8779CC003EAD2C /* MultipleChoiceGameViewController.swift */ = {isa = PBXFileReference; fileEncoding = 4; lastKnownFileType = sourcecode.swift; path = MultipleChoiceGameViewController.swift; sourceTree = "<group>"; };
		C6DC483C1A8783E9003EAD2C /* bob.jpg */ = {isa = PBXFileReference; lastKnownFileType = image.jpeg; name = bob.jpg; path = ../../../../../Downloads/bob.jpg; sourceTree = "<group>"; };
		C6DC483E1A878949003EAD2C /* PictureGameViewController.swift */ = {isa = PBXFileReference; fileEncoding = 4; lastKnownFileType = sourcecode.swift; path = PictureGameViewController.swift; sourceTree = "<group>"; };
		C6DC48401A879148003EAD2C /* VideoTextGame.swift */ = {isa = PBXFileReference; fileEncoding = 4; lastKnownFileType = sourcecode.swift; path = VideoTextGame.swift; sourceTree = "<group>"; };
		C6DC48421A879157003EAD2C /* PictureTextGame.swift */ = {isa = PBXFileReference; fileEncoding = 4; lastKnownFileType = sourcecode.swift; path = PictureTextGame.swift; sourceTree = "<group>"; };
		C6DC48441A879167003EAD2C /* MultipleChoiceGame.swift */ = {isa = PBXFileReference; fileEncoding = 4; lastKnownFileType = sourcecode.swift; path = MultipleChoiceGame.swift; sourceTree = "<group>"; };
		C6DC48461A879179003EAD2C /* GameManager.swift */ = {isa = PBXFileReference; fileEncoding = 4; lastKnownFileType = sourcecode.swift; path = GameManager.swift; sourceTree = "<group>"; };
>>>>>>> TestBranch
/* End PBXFileReference section */

/* Begin PBXFrameworksBuildPhase section */
		61A6DB341A85B40800624BB4 /* Frameworks */ = {
			isa = PBXFrameworksBuildPhase;
			buildActionMask = 2147483647;
			files = (
			);
			runOnlyForDeploymentPostprocessing = 0;
		};
		61A6DB4D1A85B40800624BB4 /* Frameworks */ = {
			isa = PBXFrameworksBuildPhase;
			buildActionMask = 2147483647;
			files = (
			);
			runOnlyForDeploymentPostprocessing = 0;
		};
/* End PBXFrameworksBuildPhase section */

/* Begin PBXGroup section */
		03AEA7451A86EA150014DAFB /* Images */ = {
			isa = PBXGroup;
			children = (
				03D6EDE61A884E0000F213D9 /* Camera_icon.png */,
				038AB5CB1A8854830040DE2D /* Camera_icon_show.png */,
				03AEA7481A86EA850014DAFB /* icon@2x.png */,
				03AEA7491A86EA850014DAFB /* icon@3x.png */,
				C6DC483C1A8783E9003EAD2C /* bob.jpg */,
				03AEA7461A86EA3E0014DAFB /* logo.png */,
				03D6EDE21A884CAA00F213D9 /* Icon_Thumb.png */,
			);
			name = Images;
			sourceTree = "<group>";
		};
		03D6ED871A88143200F213D9 /* Show Media */ = {
			isa = PBXGroup;
			children = (
				03D6ED881A88145400F213D9 /* Bob's Burgers */,
				03D6ED951A88145400F213D9 /* Game of Thrones */,
				03D6EDA31A88145400F213D9 /* HIMYM */,
			);
			name = "Show Media";
			sourceTree = "<group>";
		};
		03D6ED881A88145400F213D9 /* Bob's Burgers */ = {
			isa = PBXGroup;
			children = (
				03D6EDC91A88204C00F213D9 /* Merch */,
				03D6ED891A88145400F213D9 /* Banner */,
				03D6ED8B1A88145400F213D9 /* Episode Screenshots */,
				03D6ED8F1A88145400F213D9 /* Photos and Memes */,
				03D6ED931A88145400F213D9 /* Thumbnail */,
			);
			path = "Bob's Burgers";
			sourceTree = "<group>";
		};
		03D6ED891A88145400F213D9 /* Banner */ = {
			isa = PBXGroup;
			children = (
				038AB5CE1A8858E50040DE2D /* BsBurger.png */,
			);
			path = Banner;
			sourceTree = "<group>";
		};
		03D6ED8B1A88145400F213D9 /* Episode Screenshots */ = {
			isa = PBXGroup;
			children = (
				03D6ED8C1A88145400F213D9 /* BBep1_4.jpg */,
				03D6ED8D1A88145400F213D9 /* BBep3_5.png */,
				03D6ED8E1A88145400F213D9 /* BBep4_3.jpg */,
			);
			path = "Episode Screenshots";
			sourceTree = "<group>";
		};
		03D6ED8F1A88145400F213D9 /* Photos and Memes */ = {
			isa = PBXGroup;
			children = (
				03D6ED901A88145400F213D9 /* BreakingBob.jpg */,
				03D6ED911A88145400F213D9 /* Butts.jpg */,
				03D6ED921A88145400F213D9 /* Haters.gif */,
			);
			path = "Photos and Memes";
			sourceTree = "<group>";
		};
		03D6ED931A88145400F213D9 /* Thumbnail */ = {
			isa = PBXGroup;
			children = (
				03D6ED941A88145400F213D9 /* BBurger.jpg */,
			);
			path = Thumbnail;
			sourceTree = "<group>";
		};
		03D6ED951A88145400F213D9 /* Game of Thrones */ = {
			isa = PBXGroup;
			children = (
				03D6EDD01A88206500F213D9 /* Merch */,
				03D6ED961A88145400F213D9 /* Banner */,
				03D6ED991A88145400F213D9 /* Episode Screenshots */,
				03D6ED9D1A88145400F213D9 /* Photos and Memes */,
				03D6EDA11A88145400F213D9 /* Thumbnail */,
			);
			path = "Game of Thrones";
			sourceTree = "<group>";
		};
		03D6ED961A88145400F213D9 /* Banner */ = {
			isa = PBXGroup;
			children = (
				03D6ED981A88145400F213D9 /* GTBanner.jpg */,
			);
			path = Banner;
			sourceTree = "<group>";
		};
		03D6ED991A88145400F213D9 /* Episode Screenshots */ = {
			isa = PBXGroup;
			children = (
				03D6ED9A1A88145400F213D9 /* GTep1_1.png */,
				03D6ED9B1A88145400F213D9 /* GTep3_9.jpg */,
				03D6ED9C1A88145400F213D9 /* GTep4_3.jpg */,
			);
			path = "Episode Screenshots";
			sourceTree = "<group>";
		};
		03D6ED9D1A88145400F213D9 /* Photos and Memes */ = {
			isa = PBXGroup;
			children = (
				03D6ED9E1A88145400F213D9 /* Drogon.jpg */,
				03D6ED9F1A88145400F213D9 /* Impin.jpg */,
				03D6EDA01A88145400F213D9 /* LiveDangerous.jpg */,
			);
			path = "Photos and Memes";
			sourceTree = "<group>";
		};
		03D6EDA11A88145400F213D9 /* Thumbnail */ = {
			isa = PBXGroup;
			children = (
				03D6EDA21A88145400F213D9 /* GoT.jpeg */,
			);
			path = Thumbnail;
			sourceTree = "<group>";
		};
		03D6EDA31A88145400F213D9 /* HIMYM */ = {
			isa = PBXGroup;
			children = (
				03D6EDD71A88208700F213D9 /* Merch */,
				03D6EDA41A88145400F213D9 /* Banner */,
				03D6EDA61A88145400F213D9 /* Episode Screenshots */,
				03D6EDAA1A88145400F213D9 /* Photos and Memes */,
				03D6EDAE1A88145400F213D9 /* Thumbnail */,
			);
			path = HIMYM;
			sourceTree = "<group>";
		};
		03D6EDA41A88145400F213D9 /* Banner */ = {
			isa = PBXGroup;
			children = (
				03D6EDA51A88145400F213D9 /* himym-banner.jpg */,
			);
			path = Banner;
			sourceTree = "<group>";
		};
		03D6EDA61A88145400F213D9 /* Episode Screenshots */ = {
			isa = PBXGroup;
			children = (
				03D6EDA71A88145400F213D9 /* himymep2_20.jpg */,
				03D6EDA81A88145400F213D9 /* himymep8_17.jpg */,
				03D6EDA91A88145400F213D9 /* himymep8_7.jpg */,
			);
			path = "Episode Screenshots";
			sourceTree = "<group>";
		};
		03D6EDAA1A88145400F213D9 /* Photos and Memes */ = {
			isa = PBXGroup;
			children = (
				03D6EDAB1A88145400F213D9 /* himym2.jpg */,
				03D6EDAC1A88145400F213D9 /* himym3.jpg */,
				03D6EDAD1A88145400F213D9 /* himym4.jpg */,
			);
			path = "Photos and Memes";
			sourceTree = "<group>";
		};
		03D6EDAE1A88145400F213D9 /* Thumbnail */ = {
			isa = PBXGroup;
			children = (
				03D6EDAF1A88145400F213D9 /* himym.jpg */,
			);
			path = Thumbnail;
			sourceTree = "<group>";
		};
		03D6EDC91A88204C00F213D9 /* Merch */ = {
			isa = PBXGroup;
			children = (
				03D6EDDE1A8821CE00F213D9 /* BBMerch1.png */,
				03D6EDCB1A88204C00F213D9 /* BBMerch2.jpg */,
				03D6EDCC1A88204C00F213D9 /* BBMerch3.jpg */,
			);
			path = Merch;
			sourceTree = "<group>";
		};
		03D6EDD01A88206500F213D9 /* Merch */ = {
			isa = PBXGroup;
			children = (
				03D6EDD11A88206500F213D9 /* GTMerch1.jpg */,
				03D6EDD21A88206500F213D9 /* GTMerch2.jpg */,
				03D6EDD31A88206500F213D9 /* GTMerch3.jpg */,
			);
			path = Merch;
			sourceTree = "<group>";
		};
		03D6EDD71A88208700F213D9 /* Merch */ = {
			isa = PBXGroup;
			children = (
				03D6EDD81A88208700F213D9 /* HMerch1.jpg */,
				03D6EDD91A88208700F213D9 /* HMerch2.jpg */,
				03D6EDDA1A88208700F213D9 /* HMerch3.jpg */,
			);
			path = Merch;
			sourceTree = "<group>";
		};
		61A2B6FC1A85CF2E00850234 /* Models */ = {
			isa = PBXGroup;
			children = (
				61A2B6F81A85CF0100850234 /* Photo.swift */,
				61A2B6FA1A85CF0F00850234 /* PhotosManager.swift */,
				61A2B6EC1A85CE7000850234 /* Challenge.swift */,
				61A2B6EE1A85CE8200850234 /* ChallengesManager.swift */,
				61A2B6E01A85CDD900850234 /* User.swift */,
				61A2B6E21A85CDF600850234 /* UsersManager.swift */,
				61A2B6E41A85CE2500850234 /* Show.swift */,
				61A2B6E61A85CE3500850234 /* ShowsManager.swift */,
				61A2B6E81A85CE4A00850234 /* Episode.swift */,
				61A2B6EA1A85CE5B00850234 /* EpisodesManager.swift */,
				61A2B6F01A85CE9F00850234 /* Comment.swift */,
				61A2B6F21A85CEAC00850234 /* CommentsManager.swift */,
				61A2B6F41A85CECA00850234 /* Merchandise.swift */,
				61A2B6F61A85CEE300850234 /* MerchandiseManager.swift */,
			);
			name = Models;
			sourceTree = "<group>";
		};
		61A6DB2E1A85B40800624BB4 = {
			isa = PBXGroup;
			children = (
				61A6DB391A85B40800624BB4 /* iOSAppChallenge2015 */,
				61A6DB531A85B40800624BB4 /* iOSAppChallenge2015Tests */,
				61A6DB381A85B40800624BB4 /* Products */,
			);
			sourceTree = "<group>";
		};
		61A6DB381A85B40800624BB4 /* Products */ = {
			isa = PBXGroup;
			children = (
				61A6DB371A85B40800624BB4 /* iOSAppChallenge2015.app */,
				61A6DB501A85B40800624BB4 /* iOSAppChallenge2015Tests.xctest */,
			);
			name = Products;
			sourceTree = "<group>";
		};
		61A6DB391A85B40800624BB4 /* iOSAppChallenge2015 */ = {
			isa = PBXGroup;
			children = (
				61A6DB441A85B40800624BB4 /* Main.storyboard */,
				C6DC483E1A878949003EAD2C /* PictureGameViewController.swift */,
				C6DC483A1A8779CC003EAD2C /* MultipleChoiceGameViewController.swift */,
				C6DC48381A876894003EAD2C /* VideoGameViewController.swift */,
				C6DC48401A879148003EAD2C /* VideoTextGame.swift */,
				C6DC48421A879157003EAD2C /* PictureTextGame.swift */,
				C6DC48441A879167003EAD2C /* MultipleChoiceGame.swift */,
				C6DC48461A879179003EAD2C /* GameManager.swift */,
				61A6DB3C1A85B40800624BB4 /* AppDelegate.swift */,
				61A2B6FD1A85E91200850234 /* Globals.swift */,
				61A2B6FF1A85EAB600850234 /* Constants.swift */,
				617B6A5E1A86E5D8003D5718 /* LoginViewController.swift */,
				6103E8011A87596A00D663B4 /* RegisterViewController.swift */,
				61ABE69A1A87DAF10006E401 /* Custom UI Components */,
				61A2B6FC1A85CF2E00850234 /* Models */,
				61C955E21A86DBEC00BBC75C /* Resources */,
				61C955E11A86C9DE00BBC75C /* Tab Controllers */,
				61A6DB471A85B40800624BB4 /* Images.xcassets */,
				61A6DB491A85B40800624BB4 /* LaunchScreen.xib */,
				61A6DB3A1A85B40800624BB4 /* Supporting Files */,
			);
			path = iOSAppChallenge2015;
			sourceTree = "<group>";
		};
		61A6DB3A1A85B40800624BB4 /* Supporting Files */ = {
			isa = PBXGroup;
			children = (
				61A6DB3B1A85B40800624BB4 /* Info.plist */,
			);
			name = "Supporting Files";
			sourceTree = "<group>";
		};
		61A6DB531A85B40800624BB4 /* iOSAppChallenge2015Tests */ = {
			isa = PBXGroup;
			children = (
				61A6DB561A85B40800624BB4 /* iOSAppChallenge2015Tests.swift */,
				61A6DB541A85B40800624BB4 /* Supporting Files */,
			);
			path = iOSAppChallenge2015Tests;
			sourceTree = "<group>";
		};
		61A6DB541A85B40800624BB4 /* Supporting Files */ = {
			isa = PBXGroup;
			children = (
				61A6DB551A85B40800624BB4 /* Info.plist */,
			);
			name = "Supporting Files";
			sourceTree = "<group>";
		};
		61ABE69A1A87DAF10006E401 /* Custom UI Components */ = {
			isa = PBXGroup;
			children = (
				61ABE6981A87DAE40006E401 /* HorizontalScrollView.swift */,
				61ABE69B1A87DC470006E401 /* ClickableShowTileImageView.swift */,
			);
			name = "Custom UI Components";
			sourceTree = "<group>";
		};
		61C955E11A86C9DE00BBC75C /* Tab Controllers */ = {
			isa = PBXGroup;
			children = (
				61ABE69D1A87F95C0006E401 /* ShowViewController.swift */,
				61F8CF101A86FC9C00B41A4D /* MainTabViewController.swift */,
				613325FF1A86C70E00F292E0 /* HomeTabViewController.swift */,
				613326011A86C71900F292E0 /* SearchTabViewController.swift */,
				613326031A86C72400F292E0 /* FeedTabViewController.swift */,
			);
			name = "Tab Controllers";
			sourceTree = "<group>";
		};
		61C955E21A86DBEC00BBC75C /* Resources */ = {
			isa = PBXGroup;
			children = (
				03D6ED871A88143200F213D9 /* Show Media */,
				03AEA7451A86EA150014DAFB /* Images */,
				61C955E51A86DC7100BBC75C /* Fonts */,
			);
			name = Resources;
			sourceTree = "<group>";
		};
		61C955E51A86DC7100BBC75C /* Fonts */ = {
			isa = PBXGroup;
			children = (
				038AB5CD1A8855E50040DE2D /* MonoSpatial.ttf */,
				61C955E31A86DBF900BBC75C /* Please write me a song.ttf */,
			);
			name = Fonts;
			sourceTree = "<group>";
		};
/* End PBXGroup section */

/* Begin PBXNativeTarget section */
		61A6DB361A85B40800624BB4 /* iOSAppChallenge2015 */ = {
			isa = PBXNativeTarget;
			buildConfigurationList = 61A6DB5A1A85B40800624BB4 /* Build configuration list for PBXNativeTarget "iOSAppChallenge2015" */;
			buildPhases = (
				61A6DB331A85B40800624BB4 /* Sources */,
				61A6DB341A85B40800624BB4 /* Frameworks */,
				61A6DB351A85B40800624BB4 /* Resources */,
			);
			buildRules = (
			);
			dependencies = (
			);
			name = iOSAppChallenge2015;
			productName = iOSAppChallenge2015;
			productReference = 61A6DB371A85B40800624BB4 /* iOSAppChallenge2015.app */;
			productType = "com.apple.product-type.application";
		};
		61A6DB4F1A85B40800624BB4 /* iOSAppChallenge2015Tests */ = {
			isa = PBXNativeTarget;
			buildConfigurationList = 61A6DB5D1A85B40800624BB4 /* Build configuration list for PBXNativeTarget "iOSAppChallenge2015Tests" */;
			buildPhases = (
				61A6DB4C1A85B40800624BB4 /* Sources */,
				61A6DB4D1A85B40800624BB4 /* Frameworks */,
				61A6DB4E1A85B40800624BB4 /* Resources */,
			);
			buildRules = (
			);
			dependencies = (
				61A6DB521A85B40800624BB4 /* PBXTargetDependency */,
			);
			name = iOSAppChallenge2015Tests;
			productName = iOSAppChallenge2015Tests;
			productReference = 61A6DB501A85B40800624BB4 /* iOSAppChallenge2015Tests.xctest */;
			productType = "com.apple.product-type.bundle.unit-test";
		};
/* End PBXNativeTarget section */

/* Begin PBXProject section */
		61A6DB2F1A85B40800624BB4 /* Project object */ = {
			isa = PBXProject;
			attributes = {
				LastUpgradeCheck = 0610;
				ORGANIZATIONNAME = "Isaiah Smith";
				TargetAttributes = {
					61A6DB361A85B40800624BB4 = {
						CreatedOnToolsVersion = 6.1.1;
						DevelopmentTeam = 2S3D8J8M3T;
					};
					61A6DB4F1A85B40800624BB4 = {
						CreatedOnToolsVersion = 6.1.1;
						TestTargetID = 61A6DB361A85B40800624BB4;
					};
				};
			};
			buildConfigurationList = 61A6DB321A85B40800624BB4 /* Build configuration list for PBXProject "iOSAppChallenge2015" */;
			compatibilityVersion = "Xcode 3.2";
			developmentRegion = English;
			hasScannedForEncodings = 0;
			knownRegions = (
				en,
				Base,
			);
			mainGroup = 61A6DB2E1A85B40800624BB4;
			productRefGroup = 61A6DB381A85B40800624BB4 /* Products */;
			projectDirPath = "";
			projectRoot = "";
			targets = (
				61A6DB361A85B40800624BB4 /* iOSAppChallenge2015 */,
				61A6DB4F1A85B40800624BB4 /* iOSAppChallenge2015Tests */,
			);
		};
/* End PBXProject section */

/* Begin PBXResourcesBuildPhase section */
		61A6DB351A85B40800624BB4 /* Resources */ = {
			isa = PBXResourcesBuildPhase;
			buildActionMask = 2147483647;
			files = (
				03D6EDD41A88206500F213D9 /* GTMerch1.jpg in Resources */,
				03D6EDC71A88145400F213D9 /* himym4.jpg in Resources */,
				03D6EDC41A88145400F213D9 /* himymep8_7.jpg in Resources */,
				03D6EDE31A884CAA00F213D9 /* Icon_Thumb.png in Resources */,
				03D6EDBC1A88145400F213D9 /* GTep4_3.jpg in Resources */,
				03D6EDB41A88145400F213D9 /* BreakingBob.jpg in Resources */,
				03D6EDBF1A88145400F213D9 /* LiveDangerous.jpg in Resources */,
				03D6EDB21A88145400F213D9 /* BBep3_5.png in Resources */,
				03D6EDC01A88145400F213D9 /* GoT.jpeg in Resources */,
				03D6EDC61A88145400F213D9 /* himym3.jpg in Resources */,
				61A6DB461A85B40800624BB4 /* Main.storyboard in Resources */,
				03AEA74B1A86EA850014DAFB /* icon@3x.png in Resources */,
				038AB5CC1A8854830040DE2D /* Camera_icon_show.png in Resources */,
				03D6EDB51A88145400F213D9 /* Butts.jpg in Resources */,
				03D6EDB61A88145400F213D9 /* Haters.gif in Resources */,
				03D6EDCE1A88204C00F213D9 /* BBMerch2.jpg in Resources */,
				03D6EDBE1A88145400F213D9 /* Impin.jpg in Resources */,
				03AEA7471A86EA3E0014DAFB /* logo.png in Resources */,
				03D6EDB31A88145400F213D9 /* BBep4_3.jpg in Resources */,
				03D6EDC21A88145400F213D9 /* himymep2_20.jpg in Resources */,
				03D6EDBB1A88145400F213D9 /* GTep3_9.jpg in Resources */,
				03D6EDE71A884E0000F213D9 /* Camera_icon.png in Resources */,
				038AB5CF1A8858E50040DE2D /* BsBurger.png in Resources */,
				03D6EDDD1A88208700F213D9 /* HMerch3.jpg in Resources */,
				03D6EDB71A88145400F213D9 /* BBurger.jpg in Resources */,
				03D6EDBD1A88145400F213D9 /* Drogon.jpg in Resources */,
				03D6EDC51A88145400F213D9 /* himym2.jpg in Resources */,
				61C955E41A86DC6C00BBC75C /* Please write me a song.ttf in Resources */,
				03D6EDCF1A88204C00F213D9 /* BBMerch3.jpg in Resources */,
				03D6EDD61A88206500F213D9 /* GTMerch3.jpg in Resources */,
				03D6EDDF1A8821CE00F213D9 /* BBMerch1.png in Resources */,
				03D6EDDB1A88208700F213D9 /* HMerch1.jpg in Resources */,
				61A6DB4B1A85B40800624BB4 /* LaunchScreen.xib in Resources */,
				03D6EDBA1A88145400F213D9 /* GTep1_1.png in Resources */,
				03D6EDD51A88206500F213D9 /* GTMerch2.jpg in Resources */,
				03D6EDC31A88145400F213D9 /* himymep8_17.jpg in Resources */,
				03D6EDB91A88145400F213D9 /* GTBanner.jpg in Resources */,
				03D6EDC11A88145400F213D9 /* himym-banner.jpg in Resources */,
				03D6EDDC1A88208700F213D9 /* HMerch2.jpg in Resources */,
				03D6EDC81A88145400F213D9 /* himym.jpg in Resources */,
				03D6EDB11A88145400F213D9 /* BBep1_4.jpg in Resources */,
				61A6DB481A85B40800624BB4 /* Images.xcassets in Resources */,
				03AEA74A1A86EA850014DAFB /* icon@2x.png in Resources */,
				C6DC483D1A8783E9003EAD2C /* bob.jpg in Resources */,
			);
			runOnlyForDeploymentPostprocessing = 0;
		};
		61A6DB4E1A85B40800624BB4 /* Resources */ = {
			isa = PBXResourcesBuildPhase;
			buildActionMask = 2147483647;
			files = (
			);
			runOnlyForDeploymentPostprocessing = 0;
		};
/* End PBXResourcesBuildPhase section */

/* Begin PBXSourcesBuildPhase section */
		61A6DB331A85B40800624BB4 /* Sources */ = {
			isa = PBXSourcesBuildPhase;
			buildActionMask = 2147483647;
			files = (
				617B6A5F1A86E5D8003D5718 /* LoginViewController.swift in Sources */,
				61ABE69C1A87DC470006E401 /* ClickableShowTileImageView.swift in Sources */,
				613326041A86C72400F292E0 /* FeedTabViewController.swift in Sources */,
				C6DC48411A879148003EAD2C /* VideoTextGame.swift in Sources */,
				61A2B6FB1A85CF0F00850234 /* PhotosManager.swift in Sources */,
				61A2B6E31A85CDF600850234 /* UsersManager.swift in Sources */,
				61A2B6F71A85CEE300850234 /* MerchandiseManager.swift in Sources */,
				61A2B6F51A85CECA00850234 /* Merchandise.swift in Sources */,
				613326001A86C70E00F292E0 /* HomeTabViewController.swift in Sources */,
				61A2B6FE1A85E91200850234 /* Globals.swift in Sources */,
				61ABE69E1A87F95C0006E401 /* ShowViewController.swift in Sources */,
				61A2B6ED1A85CE7000850234 /* Challenge.swift in Sources */,
				61A2B6E71A85CE3500850234 /* ShowsManager.swift in Sources */,
				61A2B6EB1A85CE5B00850234 /* EpisodesManager.swift in Sources */,
				61ABE6991A87DAE40006E401 /* HorizontalScrollView.swift in Sources */,
				613326021A86C71900F292E0 /* SearchTabViewController.swift in Sources */,
				61A2B6EF1A85CE8200850234 /* ChallengesManager.swift in Sources */,
				61A2B6F91A85CF0100850234 /* Photo.swift in Sources */,
				6103E8021A87596A00D663B4 /* RegisterViewController.swift in Sources */,
				61A2B6F11A85CE9F00850234 /* Comment.swift in Sources */,
				C6DC483F1A878949003EAD2C /* PictureGameViewController.swift in Sources */,
				C6DC48471A879179003EAD2C /* GameManager.swift in Sources */,
				61A2B6E51A85CE2500850234 /* Show.swift in Sources */,
				61A2B7001A85EAB600850234 /* Constants.swift in Sources */,
				61F8CF111A86FC9C00B41A4D /* MainTabViewController.swift in Sources */,
				61A2B6E11A85CDD900850234 /* User.swift in Sources */,
				C6DC483B1A8779CC003EAD2C /* MultipleChoiceGameViewController.swift in Sources */,
				C6DC48451A879167003EAD2C /* MultipleChoiceGame.swift in Sources */,
				61A2B6F31A85CEAC00850234 /* CommentsManager.swift in Sources */,
				61A2B6E91A85CE4A00850234 /* Episode.swift in Sources */,
				C6DC48431A879157003EAD2C /* PictureTextGame.swift in Sources */,
				C6DC48391A876894003EAD2C /* VideoGameViewController.swift in Sources */,
				61A6DB3D1A85B40800624BB4 /* AppDelegate.swift in Sources */,
			);
			runOnlyForDeploymentPostprocessing = 0;
		};
		61A6DB4C1A85B40800624BB4 /* Sources */ = {
			isa = PBXSourcesBuildPhase;
			buildActionMask = 2147483647;
			files = (
				61A6DB571A85B40800624BB4 /* iOSAppChallenge2015Tests.swift in Sources */,
			);
			runOnlyForDeploymentPostprocessing = 0;
		};
/* End PBXSourcesBuildPhase section */

/* Begin PBXTargetDependency section */
		61A6DB521A85B40800624BB4 /* PBXTargetDependency */ = {
			isa = PBXTargetDependency;
			target = 61A6DB361A85B40800624BB4 /* iOSAppChallenge2015 */;
			targetProxy = 61A6DB511A85B40800624BB4 /* PBXContainerItemProxy */;
		};
/* End PBXTargetDependency section */

/* Begin PBXVariantGroup section */
		61A6DB441A85B40800624BB4 /* Main.storyboard */ = {
			isa = PBXVariantGroup;
			children = (
				61A6DB451A85B40800624BB4 /* Base */,
			);
			name = Main.storyboard;
			sourceTree = "<group>";
		};
		61A6DB491A85B40800624BB4 /* LaunchScreen.xib */ = {
			isa = PBXVariantGroup;
			children = (
				61A6DB4A1A85B40800624BB4 /* Base */,
			);
			name = LaunchScreen.xib;
			sourceTree = "<group>";
		};
/* End PBXVariantGroup section */

/* Begin XCBuildConfiguration section */
		61A6DB581A85B40800624BB4 /* Debug */ = {
			isa = XCBuildConfiguration;
			buildSettings = {
				ALWAYS_SEARCH_USER_PATHS = NO;
				CLANG_CXX_LANGUAGE_STANDARD = "gnu++0x";
				CLANG_CXX_LIBRARY = "libc++";
				CLANG_ENABLE_MODULES = YES;
				CLANG_ENABLE_OBJC_ARC = YES;
				CLANG_WARN_BOOL_CONVERSION = YES;
				CLANG_WARN_CONSTANT_CONVERSION = YES;
				CLANG_WARN_DIRECT_OBJC_ISA_USAGE = YES_ERROR;
				CLANG_WARN_EMPTY_BODY = YES;
				CLANG_WARN_ENUM_CONVERSION = YES;
				CLANG_WARN_INT_CONVERSION = YES;
				CLANG_WARN_OBJC_ROOT_CLASS = YES_ERROR;
				CLANG_WARN_UNREACHABLE_CODE = YES;
				CLANG_WARN__DUPLICATE_METHOD_MATCH = YES;
				"CODE_SIGN_IDENTITY[sdk=iphoneos*]" = "iPhone Developer";
				COPY_PHASE_STRIP = NO;
				ENABLE_STRICT_OBJC_MSGSEND = YES;
				GCC_C_LANGUAGE_STANDARD = gnu99;
				GCC_DYNAMIC_NO_PIC = NO;
				GCC_OPTIMIZATION_LEVEL = 0;
				GCC_PREPROCESSOR_DEFINITIONS = (
					"DEBUG=1",
					"$(inherited)",
				);
				GCC_SYMBOLS_PRIVATE_EXTERN = NO;
				GCC_WARN_64_TO_32_BIT_CONVERSION = YES;
				GCC_WARN_ABOUT_RETURN_TYPE = YES_ERROR;
				GCC_WARN_UNDECLARED_SELECTOR = YES;
				GCC_WARN_UNINITIALIZED_AUTOS = YES_AGGRESSIVE;
				GCC_WARN_UNUSED_FUNCTION = YES;
				GCC_WARN_UNUSED_VARIABLE = YES;
				IPHONEOS_DEPLOYMENT_TARGET = 8.1;
				MTL_ENABLE_DEBUG_INFO = YES;
				ONLY_ACTIVE_ARCH = YES;
				SDKROOT = iphoneos;
				SWIFT_OPTIMIZATION_LEVEL = "-Onone";
			};
			name = Debug;
		};
		61A6DB591A85B40800624BB4 /* Release */ = {
			isa = XCBuildConfiguration;
			buildSettings = {
				ALWAYS_SEARCH_USER_PATHS = NO;
				CLANG_CXX_LANGUAGE_STANDARD = "gnu++0x";
				CLANG_CXX_LIBRARY = "libc++";
				CLANG_ENABLE_MODULES = YES;
				CLANG_ENABLE_OBJC_ARC = YES;
				CLANG_WARN_BOOL_CONVERSION = YES;
				CLANG_WARN_CONSTANT_CONVERSION = YES;
				CLANG_WARN_DIRECT_OBJC_ISA_USAGE = YES_ERROR;
				CLANG_WARN_EMPTY_BODY = YES;
				CLANG_WARN_ENUM_CONVERSION = YES;
				CLANG_WARN_INT_CONVERSION = YES;
				CLANG_WARN_OBJC_ROOT_CLASS = YES_ERROR;
				CLANG_WARN_UNREACHABLE_CODE = YES;
				CLANG_WARN__DUPLICATE_METHOD_MATCH = YES;
				"CODE_SIGN_IDENTITY[sdk=iphoneos*]" = "iPhone Developer";
				COPY_PHASE_STRIP = YES;
				ENABLE_NS_ASSERTIONS = NO;
				ENABLE_STRICT_OBJC_MSGSEND = YES;
				GCC_C_LANGUAGE_STANDARD = gnu99;
				GCC_WARN_64_TO_32_BIT_CONVERSION = YES;
				GCC_WARN_ABOUT_RETURN_TYPE = YES_ERROR;
				GCC_WARN_UNDECLARED_SELECTOR = YES;
				GCC_WARN_UNINITIALIZED_AUTOS = YES_AGGRESSIVE;
				GCC_WARN_UNUSED_FUNCTION = YES;
				GCC_WARN_UNUSED_VARIABLE = YES;
				IPHONEOS_DEPLOYMENT_TARGET = 8.1;
				MTL_ENABLE_DEBUG_INFO = NO;
				SDKROOT = iphoneos;
				VALIDATE_PRODUCT = YES;
			};
			name = Release;
		};
		61A6DB5B1A85B40800624BB4 /* Debug */ = {
			isa = XCBuildConfiguration;
			buildSettings = {
				ASSETCATALOG_COMPILER_APPICON_NAME = AppIcon;
				CODE_SIGN_IDENTITY = "iPhone Developer";
				INFOPLIST_FILE = iOSAppChallenge2015/Info.plist;
				LD_RUNPATH_SEARCH_PATHS = "$(inherited) @executable_path/Frameworks";
				PRODUCT_NAME = "$(TARGET_NAME)";
			};
			name = Debug;
		};
		61A6DB5C1A85B40800624BB4 /* Release */ = {
			isa = XCBuildConfiguration;
			buildSettings = {
				ASSETCATALOG_COMPILER_APPICON_NAME = AppIcon;
				CODE_SIGN_IDENTITY = "iPhone Developer";
				INFOPLIST_FILE = iOSAppChallenge2015/Info.plist;
				LD_RUNPATH_SEARCH_PATHS = "$(inherited) @executable_path/Frameworks";
				PRODUCT_NAME = "$(TARGET_NAME)";
			};
			name = Release;
		};
		61A6DB5E1A85B40800624BB4 /* Debug */ = {
			isa = XCBuildConfiguration;
			buildSettings = {
				BUNDLE_LOADER = "$(TEST_HOST)";
				FRAMEWORK_SEARCH_PATHS = (
					"$(SDKROOT)/Developer/Library/Frameworks",
					"$(inherited)",
				);
				GCC_PREPROCESSOR_DEFINITIONS = (
					"DEBUG=1",
					"$(inherited)",
				);
				INFOPLIST_FILE = iOSAppChallenge2015Tests/Info.plist;
				LD_RUNPATH_SEARCH_PATHS = "$(inherited) @executable_path/Frameworks @loader_path/Frameworks";
				PRODUCT_NAME = "$(TARGET_NAME)";
				TEST_HOST = "$(BUILT_PRODUCTS_DIR)/iOSAppChallenge2015.app/iOSAppChallenge2015";
			};
			name = Debug;
		};
		61A6DB5F1A85B40800624BB4 /* Release */ = {
			isa = XCBuildConfiguration;
			buildSettings = {
				BUNDLE_LOADER = "$(TEST_HOST)";
				FRAMEWORK_SEARCH_PATHS = (
					"$(SDKROOT)/Developer/Library/Frameworks",
					"$(inherited)",
				);
				INFOPLIST_FILE = iOSAppChallenge2015Tests/Info.plist;
				LD_RUNPATH_SEARCH_PATHS = "$(inherited) @executable_path/Frameworks @loader_path/Frameworks";
				PRODUCT_NAME = "$(TARGET_NAME)";
				TEST_HOST = "$(BUILT_PRODUCTS_DIR)/iOSAppChallenge2015.app/iOSAppChallenge2015";
			};
			name = Release;
		};
/* End XCBuildConfiguration section */

/* Begin XCConfigurationList section */
		61A6DB321A85B40800624BB4 /* Build configuration list for PBXProject "iOSAppChallenge2015" */ = {
			isa = XCConfigurationList;
			buildConfigurations = (
				61A6DB581A85B40800624BB4 /* Debug */,
				61A6DB591A85B40800624BB4 /* Release */,
			);
			defaultConfigurationIsVisible = 0;
			defaultConfigurationName = Release;
		};
		61A6DB5A1A85B40800624BB4 /* Build configuration list for PBXNativeTarget "iOSAppChallenge2015" */ = {
			isa = XCConfigurationList;
			buildConfigurations = (
				61A6DB5B1A85B40800624BB4 /* Debug */,
				61A6DB5C1A85B40800624BB4 /* Release */,
			);
			defaultConfigurationIsVisible = 0;
			defaultConfigurationName = Release;
		};
		61A6DB5D1A85B40800624BB4 /* Build configuration list for PBXNativeTarget "iOSAppChallenge2015Tests" */ = {
			isa = XCConfigurationList;
			buildConfigurations = (
				61A6DB5E1A85B40800624BB4 /* Debug */,
				61A6DB5F1A85B40800624BB4 /* Release */,
			);
			defaultConfigurationIsVisible = 0;
			defaultConfigurationName = Release;
		};
/* End XCConfigurationList section */
	};
	rootObject = 61A6DB2F1A85B40800624BB4 /* Project object */;
}
